{
  "version": 4,
  "terraform_version": "0.14.6",
  "serial": 3,
  "lineage": "4631d517-86ec-0e8a-ef73-f2d97dc09def",
  "outputs": {},
  "resources": [
    {
      "mode": "managed",
      "type": "azurerm_resource_group",
      "name": "test-vnet",
      "provider": "provider[\"registry.terraform.io/hashicorp/azurerm\"]",
      "instances": [
        {
          "schema_version": 0,
          "attributes": {
            "id": "/subscriptions/174b5fb3-11bf-4917-9d9c-afbf4929e6af/resourceGroups/azurerg100",
            "location": "westeurope",
            "name": "azurerg100",
            "tags": {
              "env": "prod",
              "owner": "prasad"
            },
            "timeouts": null
          },
          "sensitive_attributes": [],
          "private": "eyJlMmJmYjczMC1lY2FhLTExZTYtOGY4OC0zNDM2M2JjN2M0YzAiOnsiY3JlYXRlIjo1NDAwMDAwMDAwMDAwLCJkZWxldGUiOjU0MDAwMDAwMDAwMDAsInJlYWQiOjMwMDAwMDAwMDAwMCwidXBkYXRlIjo1NDAwMDAwMDAwMDAwfX0="
        }
      ]
    },
    {
      "mode": "managed",
      "type": "azurerm_virtual_network",
      "name": "test-vnet",
      "provider": "provider[\"registry.terraform.io/hashicorp/azurerm\"]",
      "instances": [
        {
          "schema_version": 0,
          "attributes": {
            "address_space": [
              "14.0.0.0/16"
            ],
            "bgp_community": "",
            "ddos_protection_plan": [],
            "dns_servers": null,
            "guid": "801cf79c-043a-42c8-b07c-71fe957db910",
            "id": "/subscriptions/174b5fb3-11bf-4917-9d9c-afbf4929e6af/resourceGroups/azurerg100/providers/Microsoft.Network/virtualNetworks/virtualNetwork111",
            "location": "westeurope",
            "name": "virtualNetwork111",
            "resource_group_name": "azurerg100",
            "subnet": [
              {
                "address_prefix": "14.0.1.0/24",
                "id": "/subscriptions/174b5fb3-11bf-4917-9d9c-afbf4929e6af/resourceGroups/azurerg100/providers/Microsoft.Network/virtualNetworks/virtualNetwork111/subnets/subnet1",
                "name": "subnet1",
                "security_group": ""
              },
              {
                "address_prefix": "14.0.2.0/24",
                "id": "/subscriptions/174b5fb3-11bf-4917-9d9c-afbf4929e6af/resourceGroups/azurerg100/providers/Microsoft.Network/virtualNetworks/virtualNetwork111/subnets/subnet2",
                "name": "subnet2",
                "security_group": ""
              },
              {
                "address_prefix": "14.0.3.0/24",
                "id": "/subscriptions/174b5fb3-11bf-4917-9d9c-afbf4929e6af/resourceGroups/azurerg100/providers/Microsoft.Network/virtualNetworks/virtualNetwork111/subnets/subnet3",
                "name": "subnet3",
                "security_group": ""
              },
              {
                "address_prefix": "14.0.4.0/24",
                "id": "/subscriptions/174b5fb3-11bf-4917-9d9c-afbf4929e6af/resourceGroups/azurerg100/providers/Microsoft.Network/virtualNetworks/virtualNetwork111/subnets/subnet4",
                "name": "subnet4",
                "security_group": ""
              }
            ],
            "tags": {
              "environment": "production"
            },
            "timeouts": null,
            "vm_protection_enabled": false
          },
          "sensitive_attributes": [],
          "private": "eyJlMmJmYjczMC1lY2FhLTExZTYtOGY4OC0zNDM2M2JjN2M0YzAiOnsiY3JlYXRlIjoxODAwMDAwMDAwMDAwLCJkZWxldGUiOjE4MDAwMDAwMDAwMDAsInJlYWQiOjMwMDAwMDAwMDAwMCwidXBkYXRlIjoxODAwMDAwMDAwMDAwfX0=",
          "dependencies": [
            "azurerm_resource_group.test-vnet"
          ]
        }
      ]
    }
  ]
}
